// !$*UTF8*$!
{
	archiveVersion = 1;
	classes = {
	};
	objectVersion = 51;
	objects = {

/* Begin PBXBuildFile section */
		19BE9E25B7355C860BE7978E /* Pods_ArtableAdmin.framework in Frameworks */ = {isa = PBXBuildFile; fileRef = E3EE641B09F2F179A3A6F837 /* Pods_ArtableAdmin.framework */; };
		5007BF8D239E1B0B006F3EDE /* LoginStoryboard.storyboard in Resources */ = {isa = PBXBuildFile; fileRef = 5007BF8C239E1B0B006F3EDE /* LoginStoryboard.storyboard */; };
		5028115723A33AF000264054 /* ForgotPasswordVC.swift in Sources */ = {isa = PBXBuildFile; fileRef = 5028115523A33AF000264054 /* ForgotPasswordVC.swift */; };
		5028115823A33AF000264054 /* ForgotPasswordVC.xib in Resources */ = {isa = PBXBuildFile; fileRef = 5028115623A33AF000264054 /* ForgotPasswordVC.xib */; };
		5028115A23A3605A00264054 /* Firebase+Utills.swift in Sources */ = {isa = PBXBuildFile; fileRef = 5028115923A3605A00264054 /* Firebase+Utills.swift */; };
		5028115B23A360F400264054 /* Firebase+Utills.swift in Sources */ = {isa = PBXBuildFile; fileRef = 5028115923A3605A00264054 /* Firebase+Utills.swift */; };
		5028115C23A378AB00264054 /* RoundedViews.swift in Sources */ = {isa = PBXBuildFile; fileRef = 50FFBD7023A08E440062CBE9 /* RoundedViews.swift */; };
		5028115E23A378D800264054 /* Category.swift in Sources */ = {isa = PBXBuildFile; fileRef = 5028115D23A378D800264054 /* Category.swift */; };
		5028115F23A378D800264054 /* Category.swift in Sources */ = {isa = PBXBuildFile; fileRef = 5028115D23A378D800264054 /* Category.swift */; };
		5028116223A3814C00264054 /* CategoryCell.swift in Sources */ = {isa = PBXBuildFile; fileRef = 5028116023A3814C00264054 /* CategoryCell.swift */; };
		5028116323A3814C00264054 /* CategoryCell.swift in Sources */ = {isa = PBXBuildFile; fileRef = 5028116023A3814C00264054 /* CategoryCell.swift */; };
		5028116423A3814C00264054 /* CategoryCell.xib in Resources */ = {isa = PBXBuildFile; fileRef = 5028116123A3814C00264054 /* CategoryCell.xib */; };
		5028116523A3814C00264054 /* CategoryCell.xib in Resources */ = {isa = PBXBuildFile; fileRef = 5028116123A3814C00264054 /* CategoryCell.xib */; };
		5028116823A72ABC00264054 /* ProductsVC.swift in Sources */ = {isa = PBXBuildFile; fileRef = 5028116723A72ABC00264054 /* ProductsVC.swift */; };
		5028116923A72ACC00264054 /* ProductsVC.swift in Sources */ = {isa = PBXBuildFile; fileRef = 5028116723A72ABC00264054 /* ProductsVC.swift */; };
		5028116B23A72B9300264054 /* Product.swift in Sources */ = {isa = PBXBuildFile; fileRef = 5028116A23A72B9300264054 /* Product.swift */; };
		5028116C23A72B9300264054 /* Product.swift in Sources */ = {isa = PBXBuildFile; fileRef = 5028116A23A72B9300264054 /* Product.swift */; };
		5028116F23A72D0E00264054 /* ProductCell.swift in Sources */ = {isa = PBXBuildFile; fileRef = 5028116D23A72D0E00264054 /* ProductCell.swift */; };
		5028117023A72D0E00264054 /* ProductCell.swift in Sources */ = {isa = PBXBuildFile; fileRef = 5028116D23A72D0E00264054 /* ProductCell.swift */; };
		5028117123A72D0E00264054 /* ProductCell.xib in Resources */ = {isa = PBXBuildFile; fileRef = 5028116E23A72D0E00264054 /* ProductCell.xib */; };
		5028117223A72D0E00264054 /* ProductCell.xib in Resources */ = {isa = PBXBuildFile; fileRef = 5028116E23A72D0E00264054 /* ProductCell.xib */; };
		50568CFA239DF0BD00E09D1F /* AppDelegate.swift in Sources */ = {isa = PBXBuildFile; fileRef = 50568CF9239DF0BD00E09D1F /* AppDelegate.swift */; };
		50568CFC239DF0BD00E09D1F /* SceneDelegate.swift in Sources */ = {isa = PBXBuildFile; fileRef = 50568CFB239DF0BD00E09D1F /* SceneDelegate.swift */; };
		50568CFE239DF0BD00E09D1F /* HomeVC.swift in Sources */ = {isa = PBXBuildFile; fileRef = 50568CFD239DF0BD00E09D1F /* HomeVC.swift */; };
		50568D01239DF0BD00E09D1F /* Main.storyboard in Resources */ = {isa = PBXBuildFile; fileRef = 50568CFF239DF0BD00E09D1F /* Main.storyboard */; };
		50568D03239DF0C200E09D1F /* Assets.xcassets in Resources */ = {isa = PBXBuildFile; fileRef = 50568D02239DF0C200E09D1F /* Assets.xcassets */; };
		50568D06239DF0C200E09D1F /* LaunchScreen.storyboard in Resources */ = {isa = PBXBuildFile; fileRef = 50568D04239DF0C200E09D1F /* LaunchScreen.storyboard */; };
		50568D14239DF12400E09D1F /* AppDelegate.swift in Sources */ = {isa = PBXBuildFile; fileRef = 50568D13239DF12400E09D1F /* AppDelegate.swift */; };
		50568D16239DF12400E09D1F /* SceneDelegate.swift in Sources */ = {isa = PBXBuildFile; fileRef = 50568D15239DF12400E09D1F /* SceneDelegate.swift */; };
		50568D18239DF12400E09D1F /* ViewController.swift in Sources */ = {isa = PBXBuildFile; fileRef = 50568D17239DF12400E09D1F /* ViewController.swift */; };
		50568D1B239DF12400E09D1F /* Main.storyboard in Resources */ = {isa = PBXBuildFile; fileRef = 50568D19239DF12400E09D1F /* Main.storyboard */; };
		50568D20239DF12600E09D1F /* LaunchScreen.storyboard in Resources */ = {isa = PBXBuildFile; fileRef = 50568D1E239DF12600E09D1F /* LaunchScreen.storyboard */; };
		50568D26239DF17500E09D1F /* Assets.xcassets in Resources */ = {isa = PBXBuildFile; fileRef = 50568D02239DF0C200E09D1F /* Assets.xcassets */; };
		50FFBD5C239F3C2F0062CBE9 /* GoogleService-Info.plist in Resources */ = {isa = PBXBuildFile; fileRef = 50FFBD5B239F3C2F0062CBE9 /* GoogleService-Info.plist */; };
		50FFBD5E239F405C0062CBE9 /* GoogleService-Info.plist in Resources */ = {isa = PBXBuildFile; fileRef = 50FFBD5D239F405C0062CBE9 /* GoogleService-Info.plist */; };
		50FFBD66239F5A140062CBE9 /* LoginVC.swift in Sources */ = {isa = PBXBuildFile; fileRef = 50FFBD65239F5A140062CBE9 /* LoginVC.swift */; };
		50FFBD68239F5A2A0062CBE9 /* RegisterVC.swift in Sources */ = {isa = PBXBuildFile; fileRef = 50FFBD67239F5A2A0062CBE9 /* RegisterVC.swift */; };
		50FFBD6C239F8B0C0062CBE9 /* Extensions.swift in Sources */ = {isa = PBXBuildFile; fileRef = 50FFBD6B239F8B0C0062CBE9 /* Extensions.swift */; };
		50FFBD6E239FA3720062CBE9 /* Constants.swift in Sources */ = {isa = PBXBuildFile; fileRef = 50FFBD6D239FA3720062CBE9 /* Constants.swift */; };
		50FFBD7123A08E440062CBE9 /* RoundedViews.swift in Sources */ = {isa = PBXBuildFile; fileRef = 50FFBD7023A08E440062CBE9 /* RoundedViews.swift */; };
		9CDE9CD387EB5B6BB9EC54D1 /* Pods_Artable.framework in Frameworks */ = {isa = PBXBuildFile; fileRef = C55F8D141449CB306AFF6181 /* Pods_Artable.framework */; };
/* End PBXBuildFile section */

/* Begin PBXFileReference section */
		402CDC866E289C48E239A911 /* Pods-Artable.debug.xcconfig */ = {isa = PBXFileReference; includeInIndex = 1; lastKnownFileType = text.xcconfig; name = "Pods-Artable.debug.xcconfig"; path = "Target Support Files/Pods-Artable/Pods-Artable.debug.xcconfig"; sourceTree = "<group>"; };
		5007BF8C239E1B0B006F3EDE /* LoginStoryboard.storyboard */ = {isa = PBXFileReference; lastKnownFileType = file.storyboard; path = LoginStoryboard.storyboard; sourceTree = "<group>"; };
		5028115523A33AF000264054 /* ForgotPasswordVC.swift */ = {isa = PBXFileReference; lastKnownFileType = sourcecode.swift; path = ForgotPasswordVC.swift; sourceTree = "<group>"; };
		5028115623A33AF000264054 /* ForgotPasswordVC.xib */ = {isa = PBXFileReference; lastKnownFileType = file.xib; path = ForgotPasswordVC.xib; sourceTree = "<group>"; };
		5028115923A3605A00264054 /* Firebase+Utills.swift */ = {isa = PBXFileReference; lastKnownFileType = sourcecode.swift; path = "Firebase+Utills.swift"; sourceTree = "<group>"; };
		5028115D23A378D800264054 /* Category.swift */ = {isa = PBXFileReference; lastKnownFileType = sourcecode.swift; path = Category.swift; sourceTree = "<group>"; };
		5028116023A3814C00264054 /* CategoryCell.swift */ = {isa = PBXFileReference; lastKnownFileType = sourcecode.swift; path = CategoryCell.swift; sourceTree = "<group>"; };
		5028116123A3814C00264054 /* CategoryCell.xib */ = {isa = PBXFileReference; lastKnownFileType = file.xib; path = CategoryCell.xib; sourceTree = "<group>"; };
		5028116723A72ABC00264054 /* ProductsVC.swift */ = {isa = PBXFileReference; lastKnownFileType = sourcecode.swift; path = ProductsVC.swift; sourceTree = "<group>"; };
		5028116A23A72B9300264054 /* Product.swift */ = {isa = PBXFileReference; lastKnownFileType = sourcecode.swift; path = Product.swift; sourceTree = "<group>"; };
		5028116D23A72D0E00264054 /* ProductCell.swift */ = {isa = PBXFileReference; lastKnownFileType = sourcecode.swift; path = ProductCell.swift; sourceTree = "<group>"; };
		5028116E23A72D0E00264054 /* ProductCell.xib */ = {isa = PBXFileReference; lastKnownFileType = file.xib; path = ProductCell.xib; sourceTree = "<group>"; };
		50568CF6239DF0BC00E09D1F /* Artable.app */ = {isa = PBXFileReference; explicitFileType = wrapper.application; includeInIndex = 0; path = Artable.app; sourceTree = BUILT_PRODUCTS_DIR; };
		50568CF9239DF0BD00E09D1F /* AppDelegate.swift */ = {isa = PBXFileReference; lastKnownFileType = sourcecode.swift; path = AppDelegate.swift; sourceTree = "<group>"; };
		50568CFB239DF0BD00E09D1F /* SceneDelegate.swift */ = {isa = PBXFileReference; lastKnownFileType = sourcecode.swift; path = SceneDelegate.swift; sourceTree = "<group>"; };
		50568CFD239DF0BD00E09D1F /* HomeVC.swift */ = {isa = PBXFileReference; lastKnownFileType = sourcecode.swift; path = HomeVC.swift; sourceTree = "<group>"; };
		50568D00239DF0BD00E09D1F /* Base */ = {isa = PBXFileReference; lastKnownFileType = file.storyboard; name = Base; path = Base.lproj/Main.storyboard; sourceTree = "<group>"; };
		50568D02239DF0C200E09D1F /* Assets.xcassets */ = {isa = PBXFileReference; lastKnownFileType = folder.assetcatalog; path = Assets.xcassets; sourceTree = "<group>"; };
		50568D05239DF0C200E09D1F /* Base */ = {isa = PBXFileReference; lastKnownFileType = file.storyboard; name = Base; path = Base.lproj/LaunchScreen.storyboard; sourceTree = "<group>"; };
		50568D07239DF0C200E09D1F /* Info.plist */ = {isa = PBXFileReference; lastKnownFileType = text.plist.xml; path = Info.plist; sourceTree = "<group>"; };
		50568D11239DF12400E09D1F /* ArtableAdmin.app */ = {isa = PBXFileReference; explicitFileType = wrapper.application; includeInIndex = 0; path = ArtableAdmin.app; sourceTree = BUILT_PRODUCTS_DIR; };
		50568D13239DF12400E09D1F /* AppDelegate.swift */ = {isa = PBXFileReference; lastKnownFileType = sourcecode.swift; path = AppDelegate.swift; sourceTree = "<group>"; };
		50568D15239DF12400E09D1F /* SceneDelegate.swift */ = {isa = PBXFileReference; lastKnownFileType = sourcecode.swift; path = SceneDelegate.swift; sourceTree = "<group>"; };
		50568D17239DF12400E09D1F /* ViewController.swift */ = {isa = PBXFileReference; lastKnownFileType = sourcecode.swift; path = ViewController.swift; sourceTree = "<group>"; };
		50568D1A239DF12400E09D1F /* Base */ = {isa = PBXFileReference; lastKnownFileType = file.storyboard; name = Base; path = Base.lproj/Main.storyboard; sourceTree = "<group>"; };
		50568D1F239DF12600E09D1F /* Base */ = {isa = PBXFileReference; lastKnownFileType = file.storyboard; name = Base; path = Base.lproj/LaunchScreen.storyboard; sourceTree = "<group>"; };
		50568D21239DF12600E09D1F /* Info.plist */ = {isa = PBXFileReference; lastKnownFileType = text.plist.xml; path = Info.plist; sourceTree = "<group>"; };
		50FFBD5B239F3C2F0062CBE9 /* GoogleService-Info.plist */ = {isa = PBXFileReference; fileEncoding = 4; lastKnownFileType = text.plist.xml; path = "GoogleService-Info.plist"; sourceTree = "<group>"; };
		50FFBD5D239F405C0062CBE9 /* GoogleService-Info.plist */ = {isa = PBXFileReference; fileEncoding = 4; lastKnownFileType = text.plist.xml; path = "GoogleService-Info.plist"; sourceTree = "<group>"; };
		50FFBD65239F5A140062CBE9 /* LoginVC.swift */ = {isa = PBXFileReference; lastKnownFileType = sourcecode.swift; path = LoginVC.swift; sourceTree = "<group>"; };
		50FFBD67239F5A2A0062CBE9 /* RegisterVC.swift */ = {isa = PBXFileReference; lastKnownFileType = sourcecode.swift; path = RegisterVC.swift; sourceTree = "<group>"; };
		50FFBD6B239F8B0C0062CBE9 /* Extensions.swift */ = {isa = PBXFileReference; lastKnownFileType = sourcecode.swift; path = Extensions.swift; sourceTree = "<group>"; };
		50FFBD6D239FA3720062CBE9 /* Constants.swift */ = {isa = PBXFileReference; lastKnownFileType = sourcecode.swift; path = Constants.swift; sourceTree = "<group>"; };
		50FFBD7023A08E440062CBE9 /* RoundedViews.swift */ = {isa = PBXFileReference; lastKnownFileType = sourcecode.swift; path = RoundedViews.swift; sourceTree = "<group>"; };
		A5C959171B12195813429050 /* Pods-Artable.release.xcconfig */ = {isa = PBXFileReference; includeInIndex = 1; lastKnownFileType = text.xcconfig; name = "Pods-Artable.release.xcconfig"; path = "Target Support Files/Pods-Artable/Pods-Artable.release.xcconfig"; sourceTree = "<group>"; };
		BC092A50604971C94421E79E /* Pods-ArtableAdmin.release.xcconfig */ = {isa = PBXFileReference; includeInIndex = 1; lastKnownFileType = text.xcconfig; name = "Pods-ArtableAdmin.release.xcconfig"; path = "Target Support Files/Pods-ArtableAdmin/Pods-ArtableAdmin.release.xcconfig"; sourceTree = "<group>"; };
		C23FEFEED94D9D6D4D17F757 /* Pods-ArtableAdmin.debug.xcconfig */ = {isa = PBXFileReference; includeInIndex = 1; lastKnownFileType = text.xcconfig; name = "Pods-ArtableAdmin.debug.xcconfig"; path = "Target Support Files/Pods-ArtableAdmin/Pods-ArtableAdmin.debug.xcconfig"; sourceTree = "<group>"; };
		C55F8D141449CB306AFF6181 /* Pods_Artable.framework */ = {isa = PBXFileReference; explicitFileType = wrapper.framework; includeInIndex = 0; path = Pods_Artable.framework; sourceTree = BUILT_PRODUCTS_DIR; };
		E3EE641B09F2F179A3A6F837 /* Pods_ArtableAdmin.framework */ = {isa = PBXFileReference; explicitFileType = wrapper.framework; includeInIndex = 0; path = Pods_ArtableAdmin.framework; sourceTree = BUILT_PRODUCTS_DIR; };
/* End PBXFileReference section */

/* Begin PBXFrameworksBuildPhase section */
		50568CF3239DF0BC00E09D1F /* Frameworks */ = {
			isa = PBXFrameworksBuildPhase;
			buildActionMask = 2147483647;
			files = (
				9CDE9CD387EB5B6BB9EC54D1 /* Pods_Artable.framework in Frameworks */,
			);
			runOnlyForDeploymentPostprocessing = 0;
		};
		50568D0E239DF12400E09D1F /* Frameworks */ = {
			isa = PBXFrameworksBuildPhase;
			buildActionMask = 2147483647;
			files = (
				19BE9E25B7355C860BE7978E /* Pods_ArtableAdmin.framework in Frameworks */,
			);
			runOnlyForDeploymentPostprocessing = 0;
		};
/* End PBXFrameworksBuildPhase section */

/* Begin PBXGroup section */
		5028115323A33AD000264054 /* XIBs */ = {
			isa = PBXGroup;
			children = (
				5028115523A33AF000264054 /* ForgotPasswordVC.swift */,
				5028115623A33AF000264054 /* ForgotPasswordVC.xib */,
			);
			path = XIBs;
			sourceTree = "<group>";
		};
		5028116623A3820500264054 /* Xibs */ = {
			isa = PBXGroup;
			children = (
				5028116123A3814C00264054 /* CategoryCell.xib */,
				5028116E23A72D0E00264054 /* ProductCell.xib */,
			);
			path = Xibs;
			sourceTree = "<group>";
		};
		50568CED239DF0BC00E09D1F = {
			isa = PBXGroup;
			children = (
				50568D25239DF16600E09D1F /* Shared */,
				50568CF8239DF0BC00E09D1F /* Artable */,
				50568D12239DF12400E09D1F /* ArtableAdmin */,
				50568CF7239DF0BC00E09D1F /* Products */,
				C729D09A206770A498C83FE3 /* Pods */,
				66B8156AC33851F2423136A8 /* Frameworks */,
			);
			sourceTree = "<group>";
		};
		50568CF7239DF0BC00E09D1F /* Products */ = {
			isa = PBXGroup;
			children = (
				50568CF6239DF0BC00E09D1F /* Artable.app */,
				50568D11239DF12400E09D1F /* ArtableAdmin.app */,
			);
			name = Products;
			sourceTree = "<group>";
		};
		50568CF8239DF0BC00E09D1F /* Artable */ = {
			isa = PBXGroup;
			children = (
				5028115323A33AD000264054 /* XIBs */,
				50FFBD63239F59600062CBE9 /* View */,
				50FFBD64239F59650062CBE9 /* Controller */,
				50FFBD62239F59400062CBE9 /* Storyboards */,
				50FFBD5B239F3C2F0062CBE9 /* GoogleService-Info.plist */,
				50568D07239DF0C200E09D1F /* Info.plist */,
			);
			path = Artable;
			sourceTree = "<group>";
		};
		50568D12239DF12400E09D1F /* ArtableAdmin */ = {
			isa = PBXGroup;
			children = (
				50568D13239DF12400E09D1F /* AppDelegate.swift */,
				50568D15239DF12400E09D1F /* SceneDelegate.swift */,
				50568D17239DF12400E09D1F /* ViewController.swift */,
				50568D19239DF12400E09D1F /* Main.storyboard */,
				50568D1E239DF12600E09D1F /* LaunchScreen.storyboard */,
				50FFBD5D239F405C0062CBE9 /* GoogleService-Info.plist */,
				50568D21239DF12600E09D1F /* Info.plist */,
			);
			path = ArtableAdmin;
			sourceTree = "<group>";
		};
		50568D25239DF16600E09D1F /* Shared */ = {
			isa = PBXGroup;
			children = (
				5028116623A3820500264054 /* Xibs */,
				50FFBD5F239F59200062CBE9 /* Model */,
				50FFBD6F23A08E2A0062CBE9 /* View */,
				50FFBD69239F8ACA0062CBE9 /* Utills */,
				50568D02239DF0C200E09D1F /* Assets.xcassets */,
			);
			path = Shared;
			sourceTree = "<group>";
		};
		50FFBD5F239F59200062CBE9 /* Model */ = {
			isa = PBXGroup;
			children = (
				5028115D23A378D800264054 /* Category.swift */,
				5028116A23A72B9300264054 /* Product.swift */,
			);
			path = Model;
			sourceTree = "<group>";
		};
		50FFBD62239F59400062CBE9 /* Storyboards */ = {
			isa = PBXGroup;
			children = (
				5007BF8C239E1B0B006F3EDE /* LoginStoryboard.storyboard */,
				50568CFF239DF0BD00E09D1F /* Main.storyboard */,
				50568D04239DF0C200E09D1F /* LaunchScreen.storyboard */,
			);
			path = Storyboards;
			sourceTree = "<group>";
		};
		50FFBD63239F59600062CBE9 /* View */ = {
			isa = PBXGroup;
			children = (
			);
			path = View;
			sourceTree = "<group>";
		};
		50FFBD64239F59650062CBE9 /* Controller */ = {
			isa = PBXGroup;
			children = (
				50FFBD65239F5A140062CBE9 /* LoginVC.swift */,
				50FFBD67239F5A2A0062CBE9 /* RegisterVC.swift */,
				50568CF9239DF0BD00E09D1F /* AppDelegate.swift */,
				50568CFB239DF0BD00E09D1F /* SceneDelegate.swift */,
				50568CFD239DF0BD00E09D1F /* HomeVC.swift */,
				5028116723A72ABC00264054 /* ProductsVC.swift */,
			);
			path = Controller;
			sourceTree = "<group>";
		};
		50FFBD69239F8ACA0062CBE9 /* Utills */ = {
			isa = PBXGroup;
			children = (
				50FFBD6B239F8B0C0062CBE9 /* Extensions.swift */,
				50FFBD6D239FA3720062CBE9 /* Constants.swift */,
				5028115923A3605A00264054 /* Firebase+Utills.swift */,
			);
			path = Utills;
			sourceTree = "<group>";
		};
		50FFBD6F23A08E2A0062CBE9 /* View */ = {
			isa = PBXGroup;
			children = (
				50FFBD7023A08E440062CBE9 /* RoundedViews.swift */,
				5028116023A3814C00264054 /* CategoryCell.swift */,
				5028116D23A72D0E00264054 /* ProductCell.swift */,
			);
			path = View;
			sourceTree = "<group>";
		};
		66B8156AC33851F2423136A8 /* Frameworks */ = {
			isa = PBXGroup;
			children = (
				C55F8D141449CB306AFF6181 /* Pods_Artable.framework */,
				E3EE641B09F2F179A3A6F837 /* Pods_ArtableAdmin.framework */,
			);
			name = Frameworks;
			sourceTree = "<group>";
		};
		C729D09A206770A498C83FE3 /* Pods */ = {
			isa = PBXGroup;
			children = (
				402CDC866E289C48E239A911 /* Pods-Artable.debug.xcconfig */,
				A5C959171B12195813429050 /* Pods-Artable.release.xcconfig */,
				C23FEFEED94D9D6D4D17F757 /* Pods-ArtableAdmin.debug.xcconfig */,
				BC092A50604971C94421E79E /* Pods-ArtableAdmin.release.xcconfig */,
			);
			path = Pods;
			sourceTree = "<group>";
		};
/* End PBXGroup section */

/* Begin PBXNativeTarget section */
		50568CF5239DF0BC00E09D1F /* Artable */ = {
			isa = PBXNativeTarget;
			buildConfigurationList = 50568D0A239DF0C200E09D1F /* Build configuration list for PBXNativeTarget "Artable" */;
			buildPhases = (
				DF78F812EC661CEAA0470CCF /* [CP] Check Pods Manifest.lock */,
				50568CF2239DF0BC00E09D1F /* Sources */,
				50568CF3239DF0BC00E09D1F /* Frameworks */,
				50568CF4239DF0BC00E09D1F /* Resources */,
				696569411394E3AA08C0A34E /* [CP] Embed Pods Frameworks */,
			);
			buildRules = (
			);
			dependencies = (
			);
			name = Artable;
			productName = Artable;
			productReference = 50568CF6239DF0BC00E09D1F /* Artable.app */;
			productType = "com.apple.product-type.application";
		};
		50568D10239DF12400E09D1F /* ArtableAdmin */ = {
			isa = PBXNativeTarget;
			buildConfigurationList = 50568D22239DF12600E09D1F /* Build configuration list for PBXNativeTarget "ArtableAdmin" */;
			buildPhases = (
				0262355C61A05CFCB797E8AE /* [CP] Check Pods Manifest.lock */,
				50568D0D239DF12400E09D1F /* Sources */,
				50568D0E239DF12400E09D1F /* Frameworks */,
				50568D0F239DF12400E09D1F /* Resources */,
				DAFA07DC1EB1602DEF6CF17F /* [CP] Embed Pods Frameworks */,
			);
			buildRules = (
			);
			dependencies = (
			);
			name = ArtableAdmin;
			productName = ArtableAdmin;
			productReference = 50568D11239DF12400E09D1F /* ArtableAdmin.app */;
			productType = "com.apple.product-type.application";
		};
/* End PBXNativeTarget section */

/* Begin PBXProject section */
		50568CEE239DF0BC00E09D1F /* Project object */ = {
			isa = PBXProject;
			attributes = {
				LastSwiftUpdateCheck = 1120;
				LastUpgradeCheck = 1120;
				ORGANIZATIONNAME = "Martin Parker";
				TargetAttributes = {
					50568CF5239DF0BC00E09D1F = {
						CreatedOnToolsVersion = 11.2.1;
					};
					50568D10239DF12400E09D1F = {
						CreatedOnToolsVersion = 11.2.1;
					};
				};
			};
			buildConfigurationList = 50568CF1239DF0BC00E09D1F /* Build configuration list for PBXProject "Artable" */;
			compatibilityVersion = "Xcode 9.3";
			developmentRegion = en;
			hasScannedForEncodings = 0;
			knownRegions = (
				en,
				Base,
			);
			mainGroup = 50568CED239DF0BC00E09D1F;
			productRefGroup = 50568CF7239DF0BC00E09D1F /* Products */;
			projectDirPath = "";
			projectRoot = "";
			targets = (
				50568CF5239DF0BC00E09D1F /* Artable */,
				50568D10239DF12400E09D1F /* ArtableAdmin */,
			);
		};
/* End PBXProject section */

/* Begin PBXResourcesBuildPhase section */
		50568CF4239DF0BC00E09D1F /* Resources */ = {
			isa = PBXResourcesBuildPhase;
			buildActionMask = 2147483647;
			files = (
				50568D06239DF0C200E09D1F /* LaunchScreen.storyboard in Resources */,
				5028117123A72D0E00264054 /* ProductCell.xib in Resources */,
				5028116423A3814C00264054 /* CategoryCell.xib in Resources */,
				50568D03239DF0C200E09D1F /* Assets.xcassets in Resources */,
				50568D01239DF0BD00E09D1F /* Main.storyboard in Resources */,
				5007BF8D239E1B0B006F3EDE /* LoginStoryboard.storyboard in Resources */,
				5028115823A33AF000264054 /* ForgotPasswordVC.xib in Resources */,
				50FFBD5C239F3C2F0062CBE9 /* GoogleService-Info.plist in Resources */,
			);
			runOnlyForDeploymentPostprocessing = 0;
		};
		50568D0F239DF12400E09D1F /* Resources */ = {
			isa = PBXResourcesBuildPhase;
			buildActionMask = 2147483647;
			files = (
				5028116523A3814C00264054 /* CategoryCell.xib in Resources */,
				50568D20239DF12600E09D1F /* LaunchScreen.storyboard in Resources */,
				50568D26239DF17500E09D1F /* Assets.xcassets in Resources */,
				5028117223A72D0E00264054 /* ProductCell.xib in Resources */,
				50FFBD5E239F405C0062CBE9 /* GoogleService-Info.plist in Resources */,
				50568D1B239DF12400E09D1F /* Main.storyboard in Resources */,
			);
			runOnlyForDeploymentPostprocessing = 0;
		};
/* End PBXResourcesBuildPhase section */

/* Begin PBXShellScriptBuildPhase section */
		0262355C61A05CFCB797E8AE /* [CP] Check Pods Manifest.lock */ = {
			isa = PBXShellScriptBuildPhase;
			buildActionMask = 2147483647;
			files = (
			);
			inputFileListPaths = (
			);
			inputPaths = (
				"${PODS_PODFILE_DIR_PATH}/Podfile.lock",
				"${PODS_ROOT}/Manifest.lock",
			);
			name = "[CP] Check Pods Manifest.lock";
			outputFileListPaths = (
			);
			outputPaths = (
				"$(DERIVED_FILE_DIR)/Pods-ArtableAdmin-checkManifestLockResult.txt",
			);
			runOnlyForDeploymentPostprocessing = 0;
			shellPath = /bin/sh;
			shellScript = "diff \"${PODS_PODFILE_DIR_PATH}/Podfile.lock\" \"${PODS_ROOT}/Manifest.lock\" > /dev/null\nif [ $? != 0 ] ; then\n    # print error to STDERR\n    echo \"error: The sandbox is not in sync with the Podfile.lock. Run 'pod install' or update your CocoaPods installation.\" >&2\n    exit 1\nfi\n# This output is used by Xcode 'outputs' to avoid re-running this script phase.\necho \"SUCCESS\" > \"${SCRIPT_OUTPUT_FILE_0}\"\n";
			showEnvVarsInLog = 0;
		};
		696569411394E3AA08C0A34E /* [CP] Embed Pods Frameworks */ = {
			isa = PBXShellScriptBuildPhase;
			buildActionMask = 2147483647;
			files = (
			);
			inputFileListPaths = (
				"${PODS_ROOT}/Target Support Files/Pods-Artable/Pods-Artable-frameworks-${CONFIGURATION}-input-files.xcfilelist",
			);
			name = "[CP] Embed Pods Frameworks";
			outputFileListPaths = (
				"${PODS_ROOT}/Target Support Files/Pods-Artable/Pods-Artable-frameworks-${CONFIGURATION}-output-files.xcfilelist",
			);
			runOnlyForDeploymentPostprocessing = 0;
			shellPath = /bin/sh;
			shellScript = "\"${PODS_ROOT}/Target Support Files/Pods-Artable/Pods-Artable-frameworks.sh\"\n";
			showEnvVarsInLog = 0;
		};
		DAFA07DC1EB1602DEF6CF17F /* [CP] Embed Pods Frameworks */ = {
			isa = PBXShellScriptBuildPhase;
			buildActionMask = 2147483647;
			files = (
			);
			inputFileListPaths = (
				"${PODS_ROOT}/Target Support Files/Pods-ArtableAdmin/Pods-ArtableAdmin-frameworks-${CONFIGURATION}-input-files.xcfilelist",
			);
			name = "[CP] Embed Pods Frameworks";
			outputFileListPaths = (
				"${PODS_ROOT}/Target Support Files/Pods-ArtableAdmin/Pods-ArtableAdmin-frameworks-${CONFIGURATION}-output-files.xcfilelist",
			);
			runOnlyForDeploymentPostprocessing = 0;
			shellPath = /bin/sh;
			shellScript = "\"${PODS_ROOT}/Target Support Files/Pods-ArtableAdmin/Pods-ArtableAdmin-frameworks.sh\"\n";
			showEnvVarsInLog = 0;
		};
		DF78F812EC661CEAA0470CCF /* [CP] Check Pods Manifest.lock */ = {
			isa = PBXShellScriptBuildPhase;
			buildActionMask = 2147483647;
			files = (
			);
			inputFileListPaths = (
			);
			inputPaths = (
				"${PODS_PODFILE_DIR_PATH}/Podfile.lock",
				"${PODS_ROOT}/Manifest.lock",
			);
			name = "[CP] Check Pods Manifest.lock";
			outputFileListPaths = (
			);
			outputPaths = (
				"$(DERIVED_FILE_DIR)/Pods-Artable-checkManifestLockResult.txt",
			);
			runOnlyForDeploymentPostprocessing = 0;
			shellPath = /bin/sh;
			shellScript = "diff \"${PODS_PODFILE_DIR_PATH}/Podfile.lock\" \"${PODS_ROOT}/Manifest.lock\" > /dev/null\nif [ $? != 0 ] ; then\n    # print error to STDERR\n    echo \"error: The sandbox is not in sync with the Podfile.lock. Run 'pod install' or update your CocoaPods installation.\" >&2\n    exit 1\nfi\n# This output is used by Xcode 'outputs' to avoid re-running this script phase.\necho \"SUCCESS\" > \"${SCRIPT_OUTPUT_FILE_0}\"\n";
			showEnvVarsInLog = 0;
		};
/* End PBXShellScriptBuildPhase section */

/* Begin PBXSourcesBuildPhase section */
		50568CF2239DF0BC00E09D1F /* Sources */ = {
			isa = PBXSourcesBuildPhase;
			buildActionMask = 2147483647;
			files = (
				50568CFE239DF0BD00E09D1F /* HomeVC.swift in Sources */,
				50FFBD6C239F8B0C0062CBE9 /* Extensions.swift in Sources */,
				50568CFA239DF0BD00E09D1F /* AppDelegate.swift in Sources */,
				50FFBD66239F5A140062CBE9 /* LoginVC.swift in Sources */,
				50FFBD7123A08E440062CBE9 /* RoundedViews.swift in Sources */,
				5028116823A72ABC00264054 /* ProductsVC.swift in Sources */,
				5028115723A33AF000264054 /* ForgotPasswordVC.swift in Sources */,
				50FFBD6E239FA3720062CBE9 /* Constants.swift in Sources */,
				5028115A23A3605A00264054 /* Firebase+Utills.swift in Sources */,
				50568CFC239DF0BD00E09D1F /* SceneDelegate.swift in Sources */,
				50FFBD68239F5A2A0062CBE9 /* RegisterVC.swift in Sources */,
				5028115E23A378D800264054 /* Category.swift in Sources */,
				5028116F23A72D0E00264054 /* ProductCell.swift in Sources */,
				5028116223A3814C00264054 /* CategoryCell.swift in Sources */,
				5028116B23A72B9300264054 /* Product.swift in Sources */,
			);
			runOnlyForDeploymentPostprocessing = 0;
		};
		50568D0D239DF12400E09D1F /* Sources */ = {
			isa = PBXSourcesBuildPhase;
			buildActionMask = 2147483647;
			files = (
				5028116923A72ACC00264054 /* ProductsVC.swift in Sources */,
				50568D18239DF12400E09D1F /* ViewController.swift in Sources */,
				5028116C23A72B9300264054 /* Product.swift in Sources */,
				5028115B23A360F400264054 /* Firebase+Utills.swift in Sources */,
				5028115C23A378AB00264054 /* RoundedViews.swift in Sources */,
				5028116323A3814C00264054 /* CategoryCell.swift in Sources */,
				50568D14239DF12400E09D1F /* AppDelegate.swift in Sources */,
				5028117023A72D0E00264054 /* ProductCell.swift in Sources */,
				50568D16239DF12400E09D1F /* SceneDelegate.swift in Sources */,
				5028115F23A378D800264054 /* Category.swift in Sources */,
			);
			runOnlyForDeploymentPostprocessing = 0;
		};
/* End PBXSourcesBuildPhase section */

/* Begin PBXVariantGroup section */
		50568CFF239DF0BD00E09D1F /* Main.storyboard */ = {
			isa = PBXVariantGroup;
			children = (
				50568D00239DF0BD00E09D1F /* Base */,
			);
			name = Main.storyboard;
			sourceTree = "<group>";
		};
		50568D04239DF0C200E09D1F /* LaunchScreen.storyboard */ = {
			isa = PBXVariantGroup;
			children = (
				50568D05239DF0C200E09D1F /* Base */,
			);
			name = LaunchScreen.storyboard;
			sourceTree = "<group>";
		};
		50568D19239DF12400E09D1F /* Main.storyboard */ = {
			isa = PBXVariantGroup;
			children = (
				50568D1A239DF12400E09D1F /* Base */,
			);
			name = Main.storyboard;
			sourceTree = "<group>";
		};
		50568D1E239DF12600E09D1F /* LaunchScreen.storyboard */ = {
			isa = PBXVariantGroup;
			children = (
				50568D1F239DF12600E09D1F /* Base */,
			);
			name = LaunchScreen.storyboard;
			sourceTree = "<group>";
		};
/* End PBXVariantGroup section */

/* Begin XCBuildConfiguration section */
		50568D08239DF0C200E09D1F /* Debug */ = {
			isa = XCBuildConfiguration;
			buildSettings = {
				ALWAYS_SEARCH_USER_PATHS = NO;
				CLANG_ANALYZER_NONNULL = YES;
				CLANG_ANALYZER_NUMBER_OBJECT_CONVERSION = YES_AGGRESSIVE;
				CLANG_CXX_LANGUAGE_STANDARD = "gnu++14";
				CLANG_CXX_LIBRARY = "libc++";
				CLANG_ENABLE_MODULES = YES;
				CLANG_ENABLE_OBJC_ARC = YES;
				CLANG_ENABLE_OBJC_WEAK = YES;
				CLANG_WARN_BLOCK_CAPTURE_AUTORELEASING = YES;
				CLANG_WARN_BOOL_CONVERSION = YES;
				CLANG_WARN_COMMA = YES;
				CLANG_WARN_CONSTANT_CONVERSION = YES;
				CLANG_WARN_DEPRECATED_OBJC_IMPLEMENTATIONS = YES;
				CLANG_WARN_DIRECT_OBJC_ISA_USAGE = YES_ERROR;
				CLANG_WARN_DOCUMENTATION_COMMENTS = YES;
				CLANG_WARN_EMPTY_BODY = YES;
				CLANG_WARN_ENUM_CONVERSION = YES;
				CLANG_WARN_INFINITE_RECURSION = YES;
				CLANG_WARN_INT_CONVERSION = YES;
				CLANG_WARN_NON_LITERAL_NULL_CONVERSION = YES;
				CLANG_WARN_OBJC_IMPLICIT_RETAIN_SELF = YES;
				CLANG_WARN_OBJC_LITERAL_CONVERSION = YES;
				CLANG_WARN_OBJC_ROOT_CLASS = YES_ERROR;
				CLANG_WARN_RANGE_LOOP_ANALYSIS = YES;
				CLANG_WARN_STRICT_PROTOTYPES = YES;
				CLANG_WARN_SUSPICIOUS_MOVE = YES;
				CLANG_WARN_UNGUARDED_AVAILABILITY = YES_AGGRESSIVE;
				CLANG_WARN_UNREACHABLE_CODE = YES;
				CLANG_WARN__DUPLICATE_METHOD_MATCH = YES;
				COPY_PHASE_STRIP = NO;
				DEBUG_INFORMATION_FORMAT = dwarf;
				ENABLE_STRICT_OBJC_MSGSEND = YES;
				ENABLE_TESTABILITY = YES;
				GCC_C_LANGUAGE_STANDARD = gnu11;
				GCC_DYNAMIC_NO_PIC = NO;
				GCC_NO_COMMON_BLOCKS = YES;
				GCC_OPTIMIZATION_LEVEL = 0;
				GCC_PREPROCESSOR_DEFINITIONS = (
					"DEBUG=1",
					"$(inherited)",
				);
				GCC_WARN_64_TO_32_BIT_CONVERSION = YES;
				GCC_WARN_ABOUT_RETURN_TYPE = YES_ERROR;
				GCC_WARN_UNDECLARED_SELECTOR = YES;
				GCC_WARN_UNINITIALIZED_AUTOS = YES_AGGRESSIVE;
				GCC_WARN_UNUSED_FUNCTION = YES;
				GCC_WARN_UNUSED_VARIABLE = YES;
				IPHONEOS_DEPLOYMENT_TARGET = 13.0;
				MTL_ENABLE_DEBUG_INFO = INCLUDE_SOURCE;
				MTL_FAST_MATH = YES;
				ONLY_ACTIVE_ARCH = YES;
				SDKROOT = iphoneos;
				SWIFT_ACTIVE_COMPILATION_CONDITIONS = DEBUG;
				SWIFT_OPTIMIZATION_LEVEL = "-Onone";
			};
			name = Debug;
		};
		50568D09239DF0C200E09D1F /* Release */ = {
			isa = XCBuildConfiguration;
			buildSettings = {
				ALWAYS_SEARCH_USER_PATHS = NO;
				CLANG_ANALYZER_NONNULL = YES;
				CLANG_ANALYZER_NUMBER_OBJECT_CONVERSION = YES_AGGRESSIVE;
				CLANG_CXX_LANGUAGE_STANDARD = "gnu++14";
				CLANG_CXX_LIBRARY = "libc++";
				CLANG_ENABLE_MODULES = YES;
				CLANG_ENABLE_OBJC_ARC = YES;
				CLANG_ENABLE_OBJC_WEAK = YES;
				CLANG_WARN_BLOCK_CAPTURE_AUTORELEASING = YES;
				CLANG_WARN_BOOL_CONVERSION = YES;
				CLANG_WARN_COMMA = YES;
				CLANG_WARN_CONSTANT_CONVERSION = YES;
				CLANG_WARN_DEPRECATED_OBJC_IMPLEMENTATIONS = YES;
				CLANG_WARN_DIRECT_OBJC_ISA_USAGE = YES_ERROR;
				CLANG_WARN_DOCUMENTATION_COMMENTS = YES;
				CLANG_WARN_EMPTY_BODY = YES;
				CLANG_WARN_ENUM_CONVERSION = YES;
				CLANG_WARN_INFINITE_RECURSION = YES;
				CLANG_WARN_INT_CONVERSION = YES;
				CLANG_WARN_NON_LITERAL_NULL_CONVERSION = YES;
				CLANG_WARN_OBJC_IMPLICIT_RETAIN_SELF = YES;
				CLANG_WARN_OBJC_LITERAL_CONVERSION = YES;
				CLANG_WARN_OBJC_ROOT_CLASS = YES_ERROR;
				CLANG_WARN_RANGE_LOOP_ANALYSIS = YES;
				CLANG_WARN_STRICT_PROTOTYPES = YES;
				CLANG_WARN_SUSPICIOUS_MOVE = YES;
				CLANG_WARN_UNGUARDED_AVAILABILITY = YES_AGGRESSIVE;
				CLANG_WARN_UNREACHABLE_CODE = YES;
				CLANG_WARN__DUPLICATE_METHOD_MATCH = YES;
				COPY_PHASE_STRIP = NO;
				DEBUG_INFORMATION_FORMAT = "dwarf-with-dsym";
				ENABLE_NS_ASSERTIONS = NO;
				ENABLE_STRICT_OBJC_MSGSEND = YES;
				GCC_C_LANGUAGE_STANDARD = gnu11;
				GCC_NO_COMMON_BLOCKS = YES;
				GCC_WARN_64_TO_32_BIT_CONVERSION = YES;
				GCC_WARN_ABOUT_RETURN_TYPE = YES_ERROR;
				GCC_WARN_UNDECLARED_SELECTOR = YES;
				GCC_WARN_UNINITIALIZED_AUTOS = YES_AGGRESSIVE;
				GCC_WARN_UNUSED_FUNCTION = YES;
				GCC_WARN_UNUSED_VARIABLE = YES;
				IPHONEOS_DEPLOYMENT_TARGET = 13.0;
				MTL_ENABLE_DEBUG_INFO = NO;
				MTL_FAST_MATH = YES;
				SDKROOT = iphoneos;
				SWIFT_COMPILATION_MODE = wholemodule;
				SWIFT_OPTIMIZATION_LEVEL = "-O";
				VALIDATE_PRODUCT = YES;
			};
			name = Release;
		};
		50568D0B239DF0C200E09D1F /* Debug */ = {
			isa = XCBuildConfiguration;
			baseConfigurationReference = 402CDC866E289C48E239A911 /* Pods-Artable.debug.xcconfig */;
			buildSettings = {
				ASSETCATALOG_COMPILER_APPICON_NAME = AppIcon;
				CODE_SIGN_STYLE = Automatic;
				DEVELOPMENT_TEAM = SQ6NX9853U;
				INFOPLIST_FILE = Artable/Info.plist;
				LD_RUNPATH_SEARCH_PATHS = (
					"$(inherited)",
					"@executable_path/Frameworks",
				);
				PRODUCT_BUNDLE_IDENTIFIER = com.martinparker.Artable;
				PRODUCT_NAME = "$(TARGET_NAME)";
				SWIFT_VERSION = 5.0;
				TARGETED_DEVICE_FAMILY = "1,2";
			};
			name = Debug;
		};
		50568D0C239DF0C200E09D1F /* Release */ = {
			isa = XCBuildConfiguration;
			baseConfigurationReference = A5C959171B12195813429050 /* Pods-Artable.release.xcconfig */;
			buildSettings = {
				ASSETCATALOG_COMPILER_APPICON_NAME = AppIcon;
				CODE_SIGN_STYLE = Automatic;
				DEVELOPMENT_TEAM = SQ6NX9853U;
				INFOPLIST_FILE = Artable/Info.plist;
				LD_RUNPATH_SEARCH_PATHS = (
					"$(inherited)",
					"@executable_path/Frameworks",
				);
				PRODUCT_BUNDLE_IDENTIFIER = com.martinparker.Artable;
				PRODUCT_NAME = "$(TARGET_NAME)";
				SWIFT_VERSION = 5.0;
				TARGETED_DEVICE_FAMILY = "1,2";
			};
			name = Release;
		};
		50568D23239DF12600E09D1F /* Debug */ = {
			isa = XCBuildConfiguration;
			baseConfigurationReference = C23FEFEED94D9D6D4D17F757 /* Pods-ArtableAdmin.debug.xcconfig */;
			buildSettings = {
				ASSETCATALOG_COMPILER_APPICON_NAME = AppIcon;
				CODE_SIGN_STYLE = Automatic;
				DEVELOPMENT_TEAM = SQ6NX9853U;
				INFOPLIST_FILE = ArtableAdmin/Info.plist;
				LD_RUNPATH_SEARCH_PATHS = (
					"$(inherited)",
					"@executable_path/Frameworks",
				);
				PRODUCT_BUNDLE_IDENTIFIER = com.martinparker.ArtableAdmin;
				PRODUCT_NAME = "$(TARGET_NAME)";
				SWIFT_VERSION = 5.0;
				TARGETED_DEVICE_FAMILY = "1,2";
			};
			name = Debug;
		};
		50568D24239DF12600E09D1F /* Release */ = {
			isa = XCBuildConfiguration;
			baseConfigurationReference = BC092A50604971C94421E79E /* Pods-ArtableAdmin.release.xcconfig */;
			buildSettings = {
				ASSETCATALOG_COMPILER_APPICON_NAME = AppIcon;
				CODE_SIGN_STYLE = Automatic;
				DEVELOPMENT_TEAM = SQ6NX9853U;
				INFOPLIST_FILE = ArtableAdmin/Info.plist;
				LD_RUNPATH_SEARCH_PATHS = (
					"$(inherited)",
					"@executable_path/Frameworks",
				);
				PRODUCT_BUNDLE_IDENTIFIER = com.martinparker.ArtableAdmin;
				PRODUCT_NAME = "$(TARGET_NAME)";
				SWIFT_VERSION = 5.0;
				TARGETED_DEVICE_FAMILY = "1,2";
			};
			name = Release;
		};
/* End XCBuildConfiguration section */

/* Begin XCConfigurationList section */
		50568CF1239DF0BC00E09D1F /* Build configuration list for PBXProject "Artable" */ = {
			isa = XCConfigurationList;
			buildConfigurations = (
				50568D08239DF0C200E09D1F /* Debug */,
				50568D09239DF0C200E09D1F /* Release */,
			);
			defaultConfigurationIsVisible = 0;
			defaultConfigurationName = Release;
		};
		50568D0A239DF0C200E09D1F /* Build configuration list for PBXNativeTarget "Artable" */ = {
			isa = XCConfigurationList;
			buildConfigurations = (
				50568D0B239DF0C200E09D1F /* Debug */,
				50568D0C239DF0C200E09D1F /* Release */,
			);
			defaultConfigurationIsVisible = 0;
			defaultConfigurationName = Release;
		};
		50568D22239DF12600E09D1F /* Build configuration list for PBXNativeTarget "ArtableAdmin" */ = {
			isa = XCConfigurationList;
			buildConfigurations = (
				50568D23239DF12600E09D1F /* Debug */,
				50568D24239DF12600E09D1F /* Release */,
			);
			defaultConfigurationIsVisible = 0;
			defaultConfigurationName = Release;
		};
/* End XCConfigurationList section */
	};
	rootObject = 50568CEE239DF0BC00E09D1F /* Project object */;
}
